{
  "name": "dialogflowdiscord",
  "version": "1.0.0",
  "lockfileVersion": 1,
  "requires": true,
  "dependencies": {
    "apiai": {
      "version": "4.0.3",
      "resolved": "https://registry.npmjs.org/apiai/-/apiai-4.0.3.tgz",
      "integrity": "sha1-LRqjutH9lBjeqtpQk2noTgEe+vg="
    },
    "discord.js": {
      "version": "11.2.1",
      "resolved": "https://registry.npmjs.org/discord.js/-/discord.js-11.2.1.tgz",
      "integrity": "sha512-8Mor+IREVWHinjRd6Bu6OwRfT+ET/WEoLWMl8crFvBVcTFmaO/TSwP39C8QIGCB2YMVMYMdljjX/w17AUMemqg=="
    }
  }
}
